
Microsoft Visual Studio Solution File, Format Version 12.00
# Visual Studio Version 16
VisualStudioVersion = 16.0.30001.183
MinimumVisualStudioVersion = 10.0.40219.1
Project("{9A19103F-16F7-4668-BE54-9A1E7A4F7556}") = "Lunar", "Lunar\Lunar.csproj", "{0173AD61-1AA2-488A-8BED-1C217B7BEAF2}"
EndProject
Project("{9A19103F-16F7-4668-BE54-9A1E7A4F7556}") = "Lunar.Graphics", "Lunar.Graphics\Lunar.Graphics.csproj", "{5BB24709-0888-42A8-B156-62DA4436E82E}"
EndProject
Project("{9A19103F-16F7-4668-BE54-9A1E7A4F7556}") = "Lunar.IO", "Lunar.IO\Lunar.IO.csproj", "{C257004C-4F24-4584-AC8D-CBD31147A74F}"
EndProject
Project("{9A19103F-16F7-4668-BE54-9A1E7A4F7556}") = "Lunar.Input", "Lunar.Input\Lunar.Input.csproj", "{67186B47-704B-40A8-BEB1-4910478ADF8E}"
EndProject
Project("{9A19103F-16F7-4668-BE54-9A1E7A4F7556}") = "Lunar.Physics", "Lunar.Physics\Lunar.Physics.csproj", "{5993B38C-4DD9-4570-A68C-7B543EBB65AA}"
EndProject
Project("{9A19103F-16F7-4668-BE54-9A1E7A4F7556}") = "Lunar.Stopwatch", "Time\Lunar.Stopwatch.csproj", "{DA014759-BA51-4684-98C5-06B81A867A0C}"
EndProject
Project("{9A19103F-16F7-4668-BE54-9A1E7A4F7556}") = "Lunar.Scene", "Lunar.Scene\Lunar.Scene.csproj", "{110ECE95-1797-4910-9F6A-337C303499BD}"
EndProject
Project("{9A19103F-16F7-4668-BE54-9A1E7A4F7556}") = "Lunar.Math", "Transform\Lunar.Math.csproj", "{9E127BE5-69AA-4559-AD31-9D07FD0E43AA}"
EndProject
Project("{9A19103F-16F7-4668-BE54-9A1E7A4F7556}") = "Lunar.Scripts", "Script\Lunar.Scripts.csproj", "{ED9C5154-DB9C-485D-828A-C3574A655EEC}"
EndProject
Project("{FAE04EC0-301F-11D3-BF4B-00C04F79EFBC}") = "Lunar.Audio", "Lunar.Audio\Lunar.Audio.csproj", "{3CDE3F54-1F93-4B4C-88BE-088F7E47F4C2}"
EndProject
Global
	GlobalSection(SolutionConfigurationPlatforms) = preSolution
		Debug|Any CPU = Debug|Any CPU
		Debug|x64 = Debug|x64
		Debug|x86 = Debug|x86
		Release|Any CPU = Release|Any CPU
		Release|x64 = Release|x64
		Release|x86 = Release|x86
	EndGlobalSection
	GlobalSection(ProjectConfigurationPlatforms) = postSolution
		{0173AD61-1AA2-488A-8BED-1C217B7BEAF2}.Debug|Any CPU.ActiveCfg = Debug|x86
		{0173AD61-1AA2-488A-8BED-1C217B7BEAF2}.Debug|x64.ActiveCfg = Debug|x64
		{0173AD61-1AA2-488A-8BED-1C217B7BEAF2}.Debug|x64.Build.0 = Debug|x64
		{0173AD61-1AA2-488A-8BED-1C217B7BEAF2}.Debug|x86.ActiveCfg = Debug|x86
		{0173AD61-1AA2-488A-8BED-1C217B7BEAF2}.Debug|x86.Build.0 = Debug|x86
		{0173AD61-1AA2-488A-8BED-1C217B7BEAF2}.Release|Any CPU.ActiveCfg = Release|x86
		{0173AD61-1AA2-488A-8BED-1C217B7BEAF2}.Release|x64.ActiveCfg = Release|x64
		{0173AD61-1AA2-488A-8BED-1C217B7BEAF2}.Release|x64.Build.0 = Release|x64
		{0173AD61-1AA2-488A-8BED-1C217B7BEAF2}.Release|x86.ActiveCfg = Release|x86
		{0173AD61-1AA2-488A-8BED-1C217B7BEAF2}.Release|x86.Build.0 = Release|x86
		{5BB24709-0888-42A8-B156-62DA4436E82E}.Debug|Any CPU.ActiveCfg = Debug|x86
		{5BB24709-0888-42A8-B156-62DA4436E82E}.Debug|x64.ActiveCfg = Debug|x64
		{5BB24709-0888-42A8-B156-62DA4436E82E}.Debug|x64.Build.0 = Debug|x64
		{5BB24709-0888-42A8-B156-62DA4436E82E}.Debug|x86.ActiveCfg = Debug|x86
		{5BB24709-0888-42A8-B156-62DA4436E82E}.Debug|x86.Build.0 = Debug|x86
		{5BB24709-0888-42A8-B156-62DA4436E82E}.Release|Any CPU.ActiveCfg = Release|x86
		{5BB24709-0888-42A8-B156-62DA4436E82E}.Release|x64.ActiveCfg = Release|x64
		{5BB24709-0888-42A8-B156-62DA4436E82E}.Release|x64.Build.0 = Release|x64
		{5BB24709-0888-42A8-B156-62DA4436E82E}.Release|x86.ActiveCfg = Release|x86
		{5BB24709-0888-42A8-B156-62DA4436E82E}.Release|x86.Build.0 = Release|x86
		{C257004C-4F24-4584-AC8D-CBD31147A74F}.Debug|Any CPU.ActiveCfg = Debug|x86
		{C257004C-4F24-4584-AC8D-CBD31147A74F}.Debug|x64.ActiveCfg = Debug|x64
		{C257004C-4F24-4584-AC8D-CBD31147A74F}.Debug|x64.Build.0 = Debug|x64
		{C257004C-4F24-4584-AC8D-CBD31147A74F}.Debug|x86.ActiveCfg = Debug|x86
		{C257004C-4F24-4584-AC8D-CBD31147A74F}.Debug|x86.Build.0 = Debug|x86
		{C257004C-4F24-4584-AC8D-CBD31147A74F}.Release|Any CPU.ActiveCfg = Release|x86
		{C257004C-4F24-4584-AC8D-CBD31147A74F}.Release|x64.ActiveCfg = Release|x64
		{C257004C-4F24-4584-AC8D-CBD31147A74F}.Release|x64.Build.0 = Release|x64
		{C257004C-4F24-4584-AC8D-CBD31147A74F}.Release|x86.ActiveCfg = Release|x86
		{C257004C-4F24-4584-AC8D-CBD31147A74F}.Release|x86.Build.0 = Release|x86
		{67186B47-704B-40A8-BEB1-4910478ADF8E}.Debug|Any CPU.ActiveCfg = Debug|x86
		{67186B47-704B-40A8-BEB1-4910478ADF8E}.Debug|x64.ActiveCfg = Debug|x64
		{67186B47-704B-40A8-BEB1-4910478ADF8E}.Debug|x64.Build.0 = Debug|x64
		{67186B47-704B-40A8-BEB1-4910478ADF8E}.Debug|x86.ActiveCfg = Debug|x86
		{67186B47-704B-40A8-BEB1-4910478ADF8E}.Debug|x86.Build.0 = Debug|x86
		{67186B47-704B-40A8-BEB1-4910478ADF8E}.Release|Any CPU.ActiveCfg = Release|x86
		{67186B47-704B-40A8-BEB1-4910478ADF8E}.Release|x64.ActiveCfg = Release|x64
		{67186B47-704B-40A8-BEB1-4910478ADF8E}.Release|x64.Build.0 = Release|x64
		{67186B47-704B-40A8-BEB1-4910478ADF8E}.Release|x86.ActiveCfg = Release|x86
		{67186B47-704B-40A8-BEB1-4910478ADF8E}.Release|x86.Build.0 = Release|x86
		{5993B38C-4DD9-4570-A68C-7B543EBB65AA}.Debug|Any CPU.ActiveCfg = Debug|x86
		{5993B38C-4DD9-4570-A68C-7B543EBB65AA}.Debug|x64.ActiveCfg = Debug|x64
		{5993B38C-4DD9-4570-A68C-7B543EBB65AA}.Debug|x64.Build.0 = Debug|x64
		{5993B38C-4DD9-4570-A68C-7B543EBB65AA}.Debug|x86.ActiveCfg = Debug|x86
		{5993B38C-4DD9-4570-A68C-7B543EBB65AA}.Debug|x86.Build.0 = Debug|x86
		{5993B38C-4DD9-4570-A68C-7B543EBB65AA}.Release|Any CPU.ActiveCfg = Release|x86
		{5993B38C-4DD9-4570-A68C-7B543EBB65AA}.Release|x64.ActiveCfg = Release|x64
		{5993B38C-4DD9-4570-A68C-7B543EBB65AA}.Release|x64.Build.0 = Release|x64
		{5993B38C-4DD9-4570-A68C-7B543EBB65AA}.Release|x86.ActiveCfg = Release|x86
		{5993B38C-4DD9-4570-A68C-7B543EBB65AA}.Release|x86.Build.0 = Release|x86
		{DA014759-BA51-4684-98C5-06B81A867A0C}.Debug|Any CPU.ActiveCfg = Debug|x86
		{DA014759-BA51-4684-98C5-06B81A867A0C}.Debug|x64.ActiveCfg = Debug|x64
		{DA014759-BA51-4684-98C5-06B81A867A0C}.Debug|x64.Build.0 = Debug|x64
		{DA014759-BA51-4684-98C5-06B81A867A0C}.Debug|x86.ActiveCfg = Debug|x86
		{DA014759-BA51-4684-98C5-06B81A867A0C}.Debug|x86.Build.0 = Debug|x86
		{DA014759-BA51-4684-98C5-06B81A867A0C}.Release|Any CPU.ActiveCfg = Release|x86
		{DA014759-BA51-4684-98C5-06B81A867A0C}.Release|x64.ActiveCfg = Release|x64
		{DA014759-BA51-4684-98C5-06B81A867A0C}.Release|x64.Build.0 = Release|x64
		{DA014759-BA51-4684-98C5-06B81A867A0C}.Release|x86.ActiveCfg = Release|x86
		{DA014759-BA51-4684-98C5-06B81A867A0C}.Release|x86.Build.0 = Release|x86
		{110ECE95-1797-4910-9F6A-337C303499BD}.Debug|Any CPU.ActiveCfg = Debug|x86
		{110ECE95-1797-4910-9F6A-337C303499BD}.Debug|x64.ActiveCfg = Debug|x64
		{110ECE95-1797-4910-9F6A-337C303499BD}.Debug|x64.Build.0 = Debug|x64
		{110ECE95-1797-4910-9F6A-337C303499BD}.Debug|x86.ActiveCfg = Debug|x86
		{110ECE95-1797-4910-9F6A-337C303499BD}.Debug|x86.Build.0 = Debug|x86
		{110ECE95-1797-4910-9F6A-337C303499BD}.Release|Any CPU.ActiveCfg = Release|x86
		{110ECE95-1797-4910-9F6A-337C303499BD}.Release|x64.ActiveCfg = Release|x64
		{110ECE95-1797-4910-9F6A-337C303499BD}.Release|x64.Build.0 = Release|x64
		{110ECE95-1797-4910-9F6A-337C303499BD}.Release|x86.ActiveCfg = Release|x86
		{110ECE95-1797-4910-9F6A-337C303499BD}.Release|x86.Build.0 = Release|x86
		{9E127BE5-69AA-4559-AD31-9D07FD0E43AA}.Debug|Any CPU.ActiveCfg = Debug|x86
		{9E127BE5-69AA-4559-AD31-9D07FD0E43AA}.Debug|x64.ActiveCfg = Debug|x64
		{9E127BE5-69AA-4559-AD31-9D07FD0E43AA}.Debug|x64.Build.0 = Debug|x64
		{9E127BE5-69AA-4559-AD31-9D07FD0E43AA}.Debug|x86.ActiveCfg = Debug|x86
		{9E127BE5-69AA-4559-AD31-9D07FD0E43AA}.Debug|x86.Build.0 = Debug|x86
		{9E127BE5-69AA-4559-AD31-9D07FD0E43AA}.Release|Any CPU.ActiveCfg = Release|x86
		{9E127BE5-69AA-4559-AD31-9D07FD0E43AA}.Release|x64.ActiveCfg = Release|x64
		{9E127BE5-69AA-4559-AD31-9D07FD0E43AA}.Release|x64.Build.0 = Release|x64
		{9E127BE5-69AA-4559-AD31-9D07FD0E43AA}.Release|x86.ActiveCfg = Release|x86
		{9E127BE5-69AA-4559-AD31-9D07FD0E43AA}.Release|x86.Build.0 = Release|x86
		{ED9C5154-DB9C-485D-828A-C3574A655EEC}.Debug|Any CPU.ActiveCfg = Debug|x86
		{ED9C5154-DB9C-485D-828A-C3574A655EEC}.Debug|x64.ActiveCfg = Debug|x64
		{ED9C5154-DB9C-485D-828A-C3574A655EEC}.Debug|x64.Build.0 = Debug|x64
		{ED9C5154-DB9C-485D-828A-C3574A655EEC}.Debug|x86.ActiveCfg = Debug|x86
		{ED9C5154-DB9C-485D-828A-C3574A655EEC}.Debug|x86.Build.0 = Debug|x86
		{ED9C5154-DB9C-485D-828A-C3574A655EEC}.Release|Any CPU.ActiveCfg = Release|x86
		{ED9C5154-DB9C-485D-828A-C3574A655EEC}.Release|x64.ActiveCfg = Release|x64
		{ED9C5154-DB9C-485D-828A-C3574A655EEC}.Release|x64.Build.0 = Release|x64
		{ED9C5154-DB9C-485D-828A-C3574A655EEC}.Release|x86.ActiveCfg = Release|x86
		{ED9C5154-DB9C-485D-828A-C3574A655EEC}.Release|x86.Build.0 = Release|x86
		{3CDE3F54-1F93-4B4C-88BE-088F7E47F4C2}.Debug|Any CPU.ActiveCfg = Debug|Any CPU
		{3CDE3F54-1F93-4B4C-88BE-088F7E47F4C2}.Debug|Any CPU.Build.0 = Debug|Any CPU
		{3CDE3F54-1F93-4B4C-88BE-088F7E47F4C2}.Debug|x64.ActiveCfg = Debug|Any CPU
		{3CDE3F54-1F93-4B4C-88BE-088F7E47F4C2}.Debug|x64.Build.0 = Debug|Any CPU
		{3CDE3F54-1F93-4B4C-88BE-088F7E47F4C2}.Debug|x86.ActiveCfg = Debug|Any CPU
		{3CDE3F54-1F93-4B4C-88BE-088F7E47F4C2}.Debug|x86.Build.0 = Debug|Any CPU
		{3CDE3F54-1F93-4B4C-88BE-088F7E47F4C2}.Release|Any CPU.ActiveCfg = Release|Any CPU
		{3CDE3F54-1F93-4B4C-88BE-088F7E47F4C2}.Release|Any CPU.Build.0 = Release|Any CPU
		{3CDE3F54-1F93-4B4C-88BE-088F7E47F4C2}.Release|x64.ActiveCfg = Release|Any CPU
		{3CDE3F54-1F93-4B4C-88BE-088F7E47F4C2}.Release|x64.Build.0 = Release|Any CPU
		{3CDE3F54-1F93-4B4C-88BE-088F7E47F4C2}.Release|x86.ActiveCfg = Release|Any CPU
		{3CDE3F54-1F93-4B4C-88BE-088F7E47F4C2}.Release|x86.Build.0 = Release|Any CPU
	EndGlobalSection
	GlobalSection(SolutionProperties) = preSolution
		HideSolutionNode = FALSE
	EndGlobalSection
	GlobalSection(ExtensibilityGlobals) = postSolution
		SolutionGuid = {3B69E2ED-7EDB-44AA-B6BB-442AF32DEC59}
	EndGlobalSection
EndGlobal
