
Microsoft Visual Studio Solution File, Format Version 12.00
# Visual Studio Version 16
VisualStudioVersion = 16.0.30001.183
MinimumVisualStudioVersion = 10.0.40219.1
Project("{9A19103F-16F7-4668-BE54-9A1E7A4F7556}") = "Lunar", "Lunar\Lunar.csproj", "{0173AD61-1AA2-488A-8BED-1C217B7BEAF2}"
EndProject
Project("{9A19103F-16F7-4668-BE54-9A1E7A4F7556}") = "Lunar.Graphics", "Lunar.Graphics\Lunar.Graphics.csproj", "{5BB24709-0888-42A8-B156-62DA4436E82E}"
EndProject
Project("{9A19103F-16F7-4668-BE54-9A1E7A4F7556}") = "Lunar.IO", "Lunar.IO\Lunar.IO.csproj", "{C257004C-4F24-4584-AC8D-CBD31147A74F}"
EndProject
Project("{9A19103F-16F7-4668-BE54-9A1E7A4F7556}") = "Lunar.Input", "Lunar.Input\Lunar.Input.csproj", "{67186B47-704B-40A8-BEB1-4910478ADF8E}"
EndProject
Project("{9A19103F-16F7-4668-BE54-9A1E7A4F7556}") = "Lunar.Physics", "Lunar.Physics\Lunar.Physics.csproj", "{5993B38C-4DD9-4570-A68C-7B543EBB65AA}"
EndProject
Project("{9A19103F-16F7-4668-BE54-9A1E7A4F7556}") = "Lunar.Audio", "Lunar.Audio\Lunar.Audio.csproj", "{3CDE3F54-1F93-4B4C-88BE-088F7E47F4C2}"
EndProject
Project("{9A19103F-16F7-4668-BE54-9A1E7A4F7556}") = "Lunar.Scenes", "Lunar.Scenes\Lunar.Scenes.csproj", "{14732C64-D98A-466F-9ECE-C2952B4BE274}"
EndProject
Project("{9A19103F-16F7-4668-BE54-9A1E7A4F7556}") = "Lunar.Stopwatch", "Lunar.Stopwatch\Lunar.Stopwatch.csproj", "{2A99183C-85CC-469A-A411-AF0B1C2A668A}"
EndProject
Project("{9A19103F-16F7-4668-BE54-9A1E7A4F7556}") = "Lunar.Math", "Lunar.Math\Lunar.Math.csproj", "{0C7CB168-349A-46F5-A557-7E73A5B4208D}"
EndProject
Project("{9A19103F-16F7-4668-BE54-9A1E7A4F7556}") = "Lunar.Scripts", "Lunar.Scripts\Lunar.Scripts.csproj", "{3ECB0730-5849-4FE0-8387-61A923FE28E4}"
EndProject
Project("{FAE04EC0-301F-11D3-BF4B-00C04F79EFBC}") = "Lunar.Transforms", "Lunar.Transforms\Lunar.Transforms.csproj", "{36CE940D-8F81-464E-808E-8C906407394F}"
EndProject
Global
	GlobalSection(SolutionConfigurationPlatforms) = preSolution
		Debug|x64 = Debug|x64
		Debug|x86 = Debug|x86
		Release|x64 = Release|x64
		Release|x86 = Release|x86
	EndGlobalSection
	GlobalSection(ProjectConfigurationPlatforms) = postSolution
		{0173AD61-1AA2-488A-8BED-1C217B7BEAF2}.Debug|x64.ActiveCfg = Debug|x64
		{0173AD61-1AA2-488A-8BED-1C217B7BEAF2}.Debug|x64.Build.0 = Debug|x64
		{0173AD61-1AA2-488A-8BED-1C217B7BEAF2}.Debug|x86.ActiveCfg = Debug|x86
		{0173AD61-1AA2-488A-8BED-1C217B7BEAF2}.Debug|x86.Build.0 = Debug|x86
		{0173AD61-1AA2-488A-8BED-1C217B7BEAF2}.Release|x64.ActiveCfg = Release|x64
		{0173AD61-1AA2-488A-8BED-1C217B7BEAF2}.Release|x64.Build.0 = Release|x64
		{0173AD61-1AA2-488A-8BED-1C217B7BEAF2}.Release|x86.ActiveCfg = Release|x86
		{0173AD61-1AA2-488A-8BED-1C217B7BEAF2}.Release|x86.Build.0 = Release|x86
		{5BB24709-0888-42A8-B156-62DA4436E82E}.Debug|x64.ActiveCfg = Debug|x64
		{5BB24709-0888-42A8-B156-62DA4436E82E}.Debug|x64.Build.0 = Debug|x64
		{5BB24709-0888-42A8-B156-62DA4436E82E}.Debug|x86.ActiveCfg = Debug|x86
		{5BB24709-0888-42A8-B156-62DA4436E82E}.Debug|x86.Build.0 = Debug|x86
		{5BB24709-0888-42A8-B156-62DA4436E82E}.Release|x64.ActiveCfg = Release|x64
		{5BB24709-0888-42A8-B156-62DA4436E82E}.Release|x64.Build.0 = Release|x64
		{5BB24709-0888-42A8-B156-62DA4436E82E}.Release|x86.ActiveCfg = Release|x86
		{5BB24709-0888-42A8-B156-62DA4436E82E}.Release|x86.Build.0 = Release|x86
		{C257004C-4F24-4584-AC8D-CBD31147A74F}.Debug|x64.ActiveCfg = Debug|x64
		{C257004C-4F24-4584-AC8D-CBD31147A74F}.Debug|x64.Build.0 = Debug|x64
		{C257004C-4F24-4584-AC8D-CBD31147A74F}.Debug|x86.ActiveCfg = Debug|x86
		{C257004C-4F24-4584-AC8D-CBD31147A74F}.Debug|x86.Build.0 = Debug|x86
		{C257004C-4F24-4584-AC8D-CBD31147A74F}.Release|x64.ActiveCfg = Release|x64
		{C257004C-4F24-4584-AC8D-CBD31147A74F}.Release|x64.Build.0 = Release|x64
		{C257004C-4F24-4584-AC8D-CBD31147A74F}.Release|x86.ActiveCfg = Release|x86
		{C257004C-4F24-4584-AC8D-CBD31147A74F}.Release|x86.Build.0 = Release|x86
		{67186B47-704B-40A8-BEB1-4910478ADF8E}.Debug|x64.ActiveCfg = Debug|x64
		{67186B47-704B-40A8-BEB1-4910478ADF8E}.Debug|x64.Build.0 = Debug|x64
		{67186B47-704B-40A8-BEB1-4910478ADF8E}.Debug|x86.ActiveCfg = Debug|x86
		{67186B47-704B-40A8-BEB1-4910478ADF8E}.Debug|x86.Build.0 = Debug|x86
		{67186B47-704B-40A8-BEB1-4910478ADF8E}.Release|x64.ActiveCfg = Release|x64
		{67186B47-704B-40A8-BEB1-4910478ADF8E}.Release|x64.Build.0 = Release|x64
		{67186B47-704B-40A8-BEB1-4910478ADF8E}.Release|x86.ActiveCfg = Release|x86
		{67186B47-704B-40A8-BEB1-4910478ADF8E}.Release|x86.Build.0 = Release|x86
		{5993B38C-4DD9-4570-A68C-7B543EBB65AA}.Debug|x64.ActiveCfg = Debug|x64
		{5993B38C-4DD9-4570-A68C-7B543EBB65AA}.Debug|x64.Build.0 = Debug|x64
		{5993B38C-4DD9-4570-A68C-7B543EBB65AA}.Debug|x86.ActiveCfg = Debug|x86
		{5993B38C-4DD9-4570-A68C-7B543EBB65AA}.Debug|x86.Build.0 = Debug|x86
		{5993B38C-4DD9-4570-A68C-7B543EBB65AA}.Release|x64.ActiveCfg = Release|x64
		{5993B38C-4DD9-4570-A68C-7B543EBB65AA}.Release|x64.Build.0 = Release|x64
		{5993B38C-4DD9-4570-A68C-7B543EBB65AA}.Release|x86.ActiveCfg = Release|x86
		{5993B38C-4DD9-4570-A68C-7B543EBB65AA}.Release|x86.Build.0 = Release|x86
		{3CDE3F54-1F93-4B4C-88BE-088F7E47F4C2}.Debug|x64.ActiveCfg = Debug|x64
		{3CDE3F54-1F93-4B4C-88BE-088F7E47F4C2}.Debug|x64.Build.0 = Debug|x64
		{3CDE3F54-1F93-4B4C-88BE-088F7E47F4C2}.Debug|x86.ActiveCfg = Debug|x86
		{3CDE3F54-1F93-4B4C-88BE-088F7E47F4C2}.Debug|x86.Build.0 = Debug|x86
		{3CDE3F54-1F93-4B4C-88BE-088F7E47F4C2}.Release|x64.ActiveCfg = Release|x64
		{3CDE3F54-1F93-4B4C-88BE-088F7E47F4C2}.Release|x64.Build.0 = Release|x64
		{3CDE3F54-1F93-4B4C-88BE-088F7E47F4C2}.Release|x86.ActiveCfg = Release|x86
		{3CDE3F54-1F93-4B4C-88BE-088F7E47F4C2}.Release|x86.Build.0 = Release|x86
		{14732C64-D98A-466F-9ECE-C2952B4BE274}.Debug|x64.ActiveCfg = Debug|x64
		{14732C64-D98A-466F-9ECE-C2952B4BE274}.Debug|x64.Build.0 = Debug|x64
		{14732C64-D98A-466F-9ECE-C2952B4BE274}.Debug|x86.ActiveCfg = Debug|x86
		{14732C64-D98A-466F-9ECE-C2952B4BE274}.Debug|x86.Build.0 = Debug|x86
		{14732C64-D98A-466F-9ECE-C2952B4BE274}.Release|x64.ActiveCfg = Release|x64
		{14732C64-D98A-466F-9ECE-C2952B4BE274}.Release|x64.Build.0 = Release|x64
		{14732C64-D98A-466F-9ECE-C2952B4BE274}.Release|x86.ActiveCfg = Release|x86
		{14732C64-D98A-466F-9ECE-C2952B4BE274}.Release|x86.Build.0 = Release|x86
		{2A99183C-85CC-469A-A411-AF0B1C2A668A}.Debug|x64.ActiveCfg = Debug|x64
		{2A99183C-85CC-469A-A411-AF0B1C2A668A}.Debug|x64.Build.0 = Debug|x64
		{2A99183C-85CC-469A-A411-AF0B1C2A668A}.Debug|x86.ActiveCfg = Debug|x86
		{2A99183C-85CC-469A-A411-AF0B1C2A668A}.Debug|x86.Build.0 = Debug|x86
		{2A99183C-85CC-469A-A411-AF0B1C2A668A}.Release|x64.ActiveCfg = Release|x64
		{2A99183C-85CC-469A-A411-AF0B1C2A668A}.Release|x64.Build.0 = Release|x64
		{2A99183C-85CC-469A-A411-AF0B1C2A668A}.Release|x86.ActiveCfg = Release|x86
		{2A99183C-85CC-469A-A411-AF0B1C2A668A}.Release|x86.Build.0 = Release|x86
		{0C7CB168-349A-46F5-A557-7E73A5B4208D}.Debug|x64.ActiveCfg = Debug|x64
		{0C7CB168-349A-46F5-A557-7E73A5B4208D}.Debug|x64.Build.0 = Debug|x64
		{0C7CB168-349A-46F5-A557-7E73A5B4208D}.Debug|x86.ActiveCfg = Debug|x86
		{0C7CB168-349A-46F5-A557-7E73A5B4208D}.Debug|x86.Build.0 = Debug|x86
		{0C7CB168-349A-46F5-A557-7E73A5B4208D}.Release|x64.ActiveCfg = Release|x64
		{0C7CB168-349A-46F5-A557-7E73A5B4208D}.Release|x64.Build.0 = Release|x64
		{0C7CB168-349A-46F5-A557-7E73A5B4208D}.Release|x86.ActiveCfg = Release|x86
		{0C7CB168-349A-46F5-A557-7E73A5B4208D}.Release|x86.Build.0 = Release|x86
		{3ECB0730-5849-4FE0-8387-61A923FE28E4}.Debug|x64.ActiveCfg = Debug|x64
		{3ECB0730-5849-4FE0-8387-61A923FE28E4}.Debug|x64.Build.0 = Debug|x64
		{3ECB0730-5849-4FE0-8387-61A923FE28E4}.Debug|x86.ActiveCfg = Debug|x86
		{3ECB0730-5849-4FE0-8387-61A923FE28E4}.Debug|x86.Build.0 = Debug|x86
		{3ECB0730-5849-4FE0-8387-61A923FE28E4}.Release|x64.ActiveCfg = Release|x64
		{3ECB0730-5849-4FE0-8387-61A923FE28E4}.Release|x64.Build.0 = Release|x64
		{3ECB0730-5849-4FE0-8387-61A923FE28E4}.Release|x86.ActiveCfg = Release|x86
		{3ECB0730-5849-4FE0-8387-61A923FE28E4}.Release|x86.Build.0 = Release|x86
		{36CE940D-8F81-464E-808E-8C906407394F}.Debug|x64.ActiveCfg = Debug|x64
		{36CE940D-8F81-464E-808E-8C906407394F}.Debug|x64.Build.0 = Debug|x64
		{36CE940D-8F81-464E-808E-8C906407394F}.Debug|x86.ActiveCfg = Debug|x86
		{36CE940D-8F81-464E-808E-8C906407394F}.Debug|x86.Build.0 = Debug|x86
		{36CE940D-8F81-464E-808E-8C906407394F}.Release|x64.ActiveCfg = Release|x64
		{36CE940D-8F81-464E-808E-8C906407394F}.Release|x64.Build.0 = Release|x64
		{36CE940D-8F81-464E-808E-8C906407394F}.Release|x86.ActiveCfg = Release|x86
		{36CE940D-8F81-464E-808E-8C906407394F}.Release|x86.Build.0 = Release|x86
	EndGlobalSection
	GlobalSection(SolutionProperties) = preSolution
		HideSolutionNode = FALSE
	EndGlobalSection
	GlobalSection(ExtensibilityGlobals) = postSolution
		SolutionGuid = {3B69E2ED-7EDB-44AA-B6BB-442AF32DEC59}
	EndGlobalSection
EndGlobal
